// !$*UTF8*$!
{
	archiveVersion = 1;
	classes = {
	};
	objectVersion = 46;
	objects = {

/* Begin PBXBuildFile section */
		8601087316FBB6AF004C4D4C /* DevEnvIcon-Black.icns in Resources */ = {isa = PBXBuildFile; fileRef = 8601087116FBB6AF004C4D4C /* DevEnvIcon-Black.icns */; };
		8601087416FBB6AF004C4D4C /* DevEnvIcon-White.icns in Resources */ = {isa = PBXBuildFile; fileRef = 8601087216FBB6AF004C4D4C /* DevEnvIcon-White.icns */; };
		860EA2761703D67100C42A29 /* AppServiceHelper.m in Sources */ = {isa = PBXBuildFile; fileRef = 86C98B9C16F61A7C00775447 /* AppServiceHelper.m */; };
		860EA2791703D8D000C42A29 /* AppServiceChecker.m in Sources */ = {isa = PBXBuildFile; fileRef = 860EA2781703D8D000C42A29 /* AppServiceChecker.m */; };
		861D0FEF16F7542000A7E9A3 /* ServiceManagement.framework in Frameworks */ = {isa = PBXBuildFile; fileRef = 868882FB16F53FF8007F1270 /* ServiceManagement.framework */; };
		8660B7E316ECCE3C00DA035F /* Cocoa.framework in Frameworks */ = {isa = PBXBuildFile; fileRef = 8660B7E216ECCE3C00DA035F /* Cocoa.framework */; };
		8660B7ED16ECCE3C00DA035F /* InfoPlist.strings in Resources */ = {isa = PBXBuildFile; fileRef = 8660B7EB16ECCE3C00DA035F /* InfoPlist.strings */; };
		8660B7EF16ECCE3C00DA035F /* main.m in Sources */ = {isa = PBXBuildFile; fileRef = 8660B7EE16ECCE3C00DA035F /* main.m */; };
		8660B7F316ECCE3C00DA035F /* Credits.rtf in Resources */ = {isa = PBXBuildFile; fileRef = 8660B7F116ECCE3C00DA035F /* Credits.rtf */; };
		8660B7F616ECCE3C00DA035F /* AppDelegate.m in Sources */ = {isa = PBXBuildFile; fileRef = 8660B7F516ECCE3C00DA035F /* AppDelegate.m */; };
		8660B7F916ECCE3C00DA035F /* MainMenu.xib in Resources */ = {isa = PBXBuildFile; fileRef = 8660B7F716ECCE3C00DA035F /* MainMenu.xib */; };
		8673E4CE16FC78C000DC67A3 /* org.apache.service.httpd.plist in Resources */ = {isa = PBXBuildFile; fileRef = 8673E4CD16FC78C000DC67A3 /* org.apache.service.httpd.plist */; };
		8673E4D016FC796200DC67A3 /* com.mysql.service.mysqld.plist in Resources */ = {isa = PBXBuildFile; fileRef = 8673E4CF16FC796200DC67A3 /* com.mysql.service.mysqld.plist */; };
		8673E4D216FC799300DC67A3 /* com.edb.service.postgresql.plist in Resources */ = {isa = PBXBuildFile; fileRef = 8673E4D116FC799300DC67A3 /* com.edb.service.postgresql.plist */; };
		868882EC16F53913007F1270 /* Foundation.framework in Frameworks */ = {isa = PBXBuildFile; fileRef = 868882EB16F53913007F1270 /* Foundation.framework */; };
		868882EF16F53913007F1270 /* main.m in Sources */ = {isa = PBXBuildFile; fileRef = 868882EE16F53913007F1270 /* main.m */; };
		868882FA16F53FE6007F1270 /* Security.framework in Frameworks */ = {isa = PBXBuildFile; fileRef = 868882F916F53FE6007F1270 /* Security.framework */; };
		868882FC16F53FF8007F1270 /* ServiceManagement.framework in Frameworks */ = {isa = PBXBuildFile; fileRef = 868882FB16F53FF8007F1270 /* ServiceManagement.framework */; };
		8688830016F54538007F1270 /* com.taktsoft.DevEnvHelper in CopyFiles */ = {isa = PBXBuildFile; fileRef = 868882EA16F53913007F1270 /* com.taktsoft.DevEnvHelper */; };
		86C98B9A16F6073400775447 /* AppServiceData.m in Sources */ = {isa = PBXBuildFile; fileRef = 86C98B9916F6073400775447 /* AppServiceData.m */; };
		86FC46D01707521300CF5FC9 /* AppServiceDiskImage.m in Sources */ = {isa = PBXBuildFile; fileRef = 86FC46CF1707521300CF5FC9 /* AppServiceDiskImage.m */; };
/* End PBXBuildFile section */

/* Begin PBXContainerItemProxy section */
		860EA2741703D65D00C42A29 /* PBXContainerItemProxy */ = {
			isa = PBXContainerItemProxy;
			containerPortal = 8660B7D716ECCE3C00DA035F /* Project object */;
			proxyType = 1;
			remoteGlobalIDString = 868882E916F53913007F1270;
			remoteInfo = DevEnvHelper;
		};
/* End PBXContainerItemProxy section */

/* Begin PBXCopyFilesBuildPhase section */
		868882FF16F54523007F1270 /* CopyFiles */ = {
			isa = PBXCopyFilesBuildPhase;
			buildActionMask = 2147483647;
			dstPath = Contents/Library/LaunchServices;
			dstSubfolderSpec = 1;
			files = (
				8688830016F54538007F1270 /* com.taktsoft.DevEnvHelper in CopyFiles */,
			);
			runOnlyForDeploymentPostprocessing = 0;
		};
/* End PBXCopyFilesBuildPhase section */

/* Begin PBXFileReference section */
		8601087116FBB6AF004C4D4C /* DevEnvIcon-Black.icns */ = {isa = PBXFileReference; lastKnownFileType = image.icns; path = "DevEnvIcon-Black.icns"; sourceTree = "<group>"; };
		8601087216FBB6AF004C4D4C /* DevEnvIcon-White.icns */ = {isa = PBXFileReference; lastKnownFileType = image.icns; path = "DevEnvIcon-White.icns"; sourceTree = "<group>"; };
		860EA2771703D8D000C42A29 /* AppServiceChecker.h */ = {isa = PBXFileReference; fileEncoding = 4; lastKnownFileType = sourcecode.c.h; path = AppServiceChecker.h; sourceTree = "<group>"; };
		860EA2781703D8D000C42A29 /* AppServiceChecker.m */ = {isa = PBXFileReference; fileEncoding = 4; lastKnownFileType = sourcecode.c.objc; path = AppServiceChecker.m; sourceTree = "<group>"; };
		8660B7DF16ECCE3C00DA035F /* DevEnvToggle.app */ = {isa = PBXFileReference; explicitFileType = wrapper.application; includeInIndex = 0; path = DevEnvToggle.app; sourceTree = BUILT_PRODUCTS_DIR; };
		8660B7E216ECCE3C00DA035F /* Cocoa.framework */ = {isa = PBXFileReference; lastKnownFileType = wrapper.framework; name = Cocoa.framework; path = System/Library/Frameworks/Cocoa.framework; sourceTree = SDKROOT; };
		8660B7E516ECCE3C00DA035F /* AppKit.framework */ = {isa = PBXFileReference; lastKnownFileType = wrapper.framework; name = AppKit.framework; path = System/Library/Frameworks/AppKit.framework; sourceTree = SDKROOT; };
		8660B7E616ECCE3C00DA035F /* CoreData.framework */ = {isa = PBXFileReference; lastKnownFileType = wrapper.framework; name = CoreData.framework; path = System/Library/Frameworks/CoreData.framework; sourceTree = SDKROOT; };
		8660B7E716ECCE3C00DA035F /* Foundation.framework */ = {isa = PBXFileReference; lastKnownFileType = wrapper.framework; name = Foundation.framework; path = System/Library/Frameworks/Foundation.framework; sourceTree = SDKROOT; };
		8660B7EA16ECCE3C00DA035F /* DevEnvToggle-Info.plist */ = {isa = PBXFileReference; lastKnownFileType = text.plist.xml; path = "DevEnvToggle-Info.plist"; sourceTree = "<group>"; };
		8660B7EC16ECCE3C00DA035F /* en */ = {isa = PBXFileReference; lastKnownFileType = text.plist.strings; name = en; path = en.lproj/InfoPlist.strings; sourceTree = "<group>"; };
		8660B7EE16ECCE3C00DA035F /* main.m */ = {isa = PBXFileReference; lastKnownFileType = sourcecode.c.objc; path = main.m; sourceTree = "<group>"; };
		8660B7F016ECCE3C00DA035F /* DevEnvToggle-Prefix.pch */ = {isa = PBXFileReference; lastKnownFileType = sourcecode.c.h; path = "DevEnvToggle-Prefix.pch"; sourceTree = "<group>"; };
		8660B7F216ECCE3C00DA035F /* en */ = {isa = PBXFileReference; lastKnownFileType = text.rtf; name = en; path = en.lproj/Credits.rtf; sourceTree = "<group>"; };
		8660B7F416ECCE3C00DA035F /* AppDelegate.h */ = {isa = PBXFileReference; lastKnownFileType = sourcecode.c.h; path = AppDelegate.h; sourceTree = "<group>"; };
		8660B7F516ECCE3C00DA035F /* AppDelegate.m */ = {isa = PBXFileReference; lastKnownFileType = sourcecode.c.objc; path = AppDelegate.m; sourceTree = "<group>"; };
		8660B7F816ECCE3C00DA035F /* en */ = {isa = PBXFileReference; lastKnownFileType = file.xib; name = en; path = en.lproj/MainMenu.xib; sourceTree = "<group>"; };
		8673E4CD16FC78C000DC67A3 /* org.apache.service.httpd.plist */ = {isa = PBXFileReference; fileEncoding = 4; lastKnownFileType = text.plist.xml; path = org.apache.service.httpd.plist; sourceTree = "<group>"; };
		8673E4CF16FC796200DC67A3 /* com.mysql.service.mysqld.plist */ = {isa = PBXFileReference; fileEncoding = 4; lastKnownFileType = text.plist.xml; path = com.mysql.service.mysqld.plist; sourceTree = "<group>"; };
		8673E4D116FC799300DC67A3 /* com.edb.service.postgresql.plist */ = {isa = PBXFileReference; fileEncoding = 4; lastKnownFileType = text.plist.xml; path = com.edb.service.postgresql.plist; sourceTree = "<group>"; };
		868882EA16F53913007F1270 /* com.taktsoft.DevEnvHelper */ = {isa = PBXFileReference; explicitFileType = "compiled.mach-o.executable"; includeInIndex = 0; path = com.taktsoft.DevEnvHelper; sourceTree = BUILT_PRODUCTS_DIR; };
		868882EB16F53913007F1270 /* Foundation.framework */ = {isa = PBXFileReference; lastKnownFileType = wrapper.framework; name = Foundation.framework; path = System/Library/Frameworks/Foundation.framework; sourceTree = SDKROOT; };
		868882EE16F53913007F1270 /* main.m */ = {isa = PBXFileReference; lastKnownFileType = sourcecode.c.objc; path = main.m; sourceTree = "<group>"; };
		868882F116F53913007F1270 /* DevEnvHelper-Prefix.pch */ = {isa = PBXFileReference; lastKnownFileType = sourcecode.c.h; path = "DevEnvHelper-Prefix.pch"; sourceTree = "<group>"; };
		868882F716F539A4007F1270 /* DevEnvHelper-Info.plist */ = {isa = PBXFileReference; fileEncoding = 4; lastKnownFileType = text.plist.xml; path = "DevEnvHelper-Info.plist"; sourceTree = "<group>"; };
		868882F816F539A4007F1270 /* DevEnvHelper-Launchd.plist */ = {isa = PBXFileReference; fileEncoding = 4; lastKnownFileType = text.plist.xml; path = "DevEnvHelper-Launchd.plist"; sourceTree = "<group>"; };
		868882F916F53FE6007F1270 /* Security.framework */ = {isa = PBXFileReference; lastKnownFileType = wrapper.framework; name = Security.framework; path = System/Library/Frameworks/Security.framework; sourceTree = SDKROOT; };
		868882FB16F53FF8007F1270 /* ServiceManagement.framework */ = {isa = PBXFileReference; lastKnownFileType = wrapper.framework; name = ServiceManagement.framework; path = System/Library/Frameworks/ServiceManagement.framework; sourceTree = SDKROOT; };
		86C98B9816F6073400775447 /* AppServiceData.h */ = {isa = PBXFileReference; fileEncoding = 4; lastKnownFileType = sourcecode.c.h; path = AppServiceData.h; sourceTree = "<group>"; };
		86C98B9916F6073400775447 /* AppServiceData.m */ = {isa = PBXFileReference; fileEncoding = 4; lastKnownFileType = sourcecode.c.objc; path = AppServiceData.m; sourceTree = "<group>"; };
		86C98B9B16F61A7C00775447 /* AppServiceHelper.h */ = {isa = PBXFileReference; fileEncoding = 4; lastKnownFileType = sourcecode.c.h; path = AppServiceHelper.h; sourceTree = "<group>"; };
		86C98B9C16F61A7C00775447 /* AppServiceHelper.m */ = {isa = PBXFileReference; fileEncoding = 4; lastKnownFileType = sourcecode.c.objc; path = AppServiceHelper.m; sourceTree = "<group>"; };
		86FC46CE1707521300CF5FC9 /* AppServiceDiskImage.h */ = {isa = PBXFileReference; fileEncoding = 4; lastKnownFileType = sourcecode.c.h; path = AppServiceDiskImage.h; sourceTree = "<group>"; };
		86FC46CF1707521300CF5FC9 /* AppServiceDiskImage.m */ = {isa = PBXFileReference; fileEncoding = 4; lastKnownFileType = sourcecode.c.objc; path = AppServiceDiskImage.m; sourceTree = "<group>"; };
/* End PBXFileReference section */

/* Begin PBXFrameworksBuildPhase section */
		8660B7DC16ECCE3C00DA035F /* Frameworks */ = {
			isa = PBXFrameworksBuildPhase;
			buildActionMask = 2147483647;
			files = (
				868882FC16F53FF8007F1270 /* ServiceManagement.framework in Frameworks */,
				868882FA16F53FE6007F1270 /* Security.framework in Frameworks */,
				8660B7E316ECCE3C00DA035F /* Cocoa.framework in Frameworks */,
			);
			runOnlyForDeploymentPostprocessing = 0;
		};
		868882E716F53913007F1270 /* Frameworks */ = {
			isa = PBXFrameworksBuildPhase;
			buildActionMask = 2147483647;
			files = (
				868882EC16F53913007F1270 /* Foundation.framework in Frameworks */,
				861D0FEF16F7542000A7E9A3 /* ServiceManagement.framework in Frameworks */,
			);
			runOnlyForDeploymentPostprocessing = 0;
		};
/* End PBXFrameworksBuildPhase section */

/* Begin PBXGroup section */
		8660B7D616ECCE3C00DA035F = {
			isa = PBXGroup;
			children = (
				8601087116FBB6AF004C4D4C /* DevEnvIcon-Black.icns */,
				8601087216FBB6AF004C4D4C /* DevEnvIcon-White.icns */,
				8660B7E816ECCE3C00DA035F /* DevEnvToggle */,
				868882ED16F53913007F1270 /* DevEnvHelper */,
				8660B7E116ECCE3C00DA035F /* Frameworks */,
				8660B7E016ECCE3C00DA035F /* Products */,
			);
			sourceTree = "<group>";
		};
		8660B7E016ECCE3C00DA035F /* Products */ = {
			isa = PBXGroup;
			children = (
				8660B7DF16ECCE3C00DA035F /* DevEnvToggle.app */,
				868882EA16F53913007F1270 /* com.taktsoft.DevEnvHelper */,
			);
			name = Products;
			sourceTree = "<group>";
		};
		8660B7E116ECCE3C00DA035F /* Frameworks */ = {
			isa = PBXGroup;
			children = (
				868882FB16F53FF8007F1270 /* ServiceManagement.framework */,
				868882F916F53FE6007F1270 /* Security.framework */,
				8660B7E216ECCE3C00DA035F /* Cocoa.framework */,
				868882EB16F53913007F1270 /* Foundation.framework */,
				8660B7E416ECCE3C00DA035F /* Other Frameworks */,
			);
			name = Frameworks;
			sourceTree = "<group>";
		};
		8660B7E416ECCE3C00DA035F /* Other Frameworks */ = {
			isa = PBXGroup;
			children = (
				8660B7E516ECCE3C00DA035F /* AppKit.framework */,
				8660B7E616ECCE3C00DA035F /* CoreData.framework */,
				8660B7E716ECCE3C00DA035F /* Foundation.framework */,
			);
			name = "Other Frameworks";
			sourceTree = "<group>";
		};
		8660B7E816ECCE3C00DA035F /* DevEnvToggle */ = {
			isa = PBXGroup;
			children = (
				8660B7F416ECCE3C00DA035F /* AppDelegate.h */,
				8660B7F516ECCE3C00DA035F /* AppDelegate.m */,
				860EA2771703D8D000C42A29 /* AppServiceChecker.h */,
				860EA2781703D8D000C42A29 /* AppServiceChecker.m */,
				86C98B9816F6073400775447 /* AppServiceData.h */,
				86C98B9916F6073400775447 /* AppServiceData.m */,
				86FC46CE1707521300CF5FC9 /* AppServiceDiskImage.h */,
				86FC46CF1707521300CF5FC9 /* AppServiceDiskImage.m */,
				8660B7F716ECCE3C00DA035F /* MainMenu.xib */,
				8673E4CC16FC78A200DC67A3 /* Service Files */,
				8660B7E916ECCE3C00DA035F /* Supporting Files */,
			);
			path = DevEnvToggle;
			sourceTree = "<group>";
		};
		8660B7E916ECCE3C00DA035F /* Supporting Files */ = {
			isa = PBXGroup;
			children = (
				8660B7EA16ECCE3C00DA035F /* DevEnvToggle-Info.plist */,
				8660B7EB16ECCE3C00DA035F /* InfoPlist.strings */,
				8660B7EE16ECCE3C00DA035F /* main.m */,
				8660B7F016ECCE3C00DA035F /* DevEnvToggle-Prefix.pch */,
				8660B7F116ECCE3C00DA035F /* Credits.rtf */,
			);
			name = "Supporting Files";
			sourceTree = "<group>";
		};
		8673E4CC16FC78A200DC67A3 /* Service Files */ = {
			isa = PBXGroup;
			children = (
				8673E4CD16FC78C000DC67A3 /* org.apache.service.httpd.plist */,
				8673E4CF16FC796200DC67A3 /* com.mysql.service.mysqld.plist */,
				8673E4D116FC799300DC67A3 /* com.edb.service.postgresql.plist */,
			);
			name = "Service Files";
			sourceTree = "<group>";
		};
		868882ED16F53913007F1270 /* DevEnvHelper */ = {
			isa = PBXGroup;
			children = (
				86C98B9B16F61A7C00775447 /* AppServiceHelper.h */,
				86C98B9C16F61A7C00775447 /* AppServiceHelper.m */,
				868882EE16F53913007F1270 /* main.m */,
				868882F016F53913007F1270 /* Supporting Files */,
			);
			path = DevEnvHelper;
			sourceTree = "<group>";
		};
		868882F016F53913007F1270 /* Supporting Files */ = {
			isa = PBXGroup;
			children = (
				868882F716F539A4007F1270 /* DevEnvHelper-Info.plist */,
				868882F816F539A4007F1270 /* DevEnvHelper-Launchd.plist */,
				868882F116F53913007F1270 /* DevEnvHelper-Prefix.pch */,
			);
			name = "Supporting Files";
			sourceTree = "<group>";
		};
/* End PBXGroup section */

/* Begin PBXNativeTarget section */
		8660B7DE16ECCE3C00DA035F /* DevEnvToggle */ = {
			isa = PBXNativeTarget;
			buildConfigurationList = 8660B7FC16ECCE3C00DA035F /* Build configuration list for PBXNativeTarget "DevEnvToggle" */;
			buildPhases = (
				8660B7DB16ECCE3C00DA035F /* Sources */,
				8660B7DC16ECCE3C00DA035F /* Frameworks */,
				8660B7DD16ECCE3C00DA035F /* Resources */,
				868882FF16F54523007F1270 /* CopyFiles */,
			);
			buildRules = (
			);
			dependencies = (
				860EA2751703D65D00C42A29 /* PBXTargetDependency */,
			);
			name = DevEnvToggle;
			productName = DevEnvToggle;
			productReference = 8660B7DF16ECCE3C00DA035F /* DevEnvToggle.app */;
			productType = "com.apple.product-type.application";
		};
		868882E916F53913007F1270 /* DevEnvHelper */ = {
			isa = PBXNativeTarget;
			buildConfigurationList = 868882F416F53913007F1270 /* Build configuration list for PBXNativeTarget "DevEnvHelper" */;
			buildPhases = (
				868882E616F53913007F1270 /* Sources */,
				868882E716F53913007F1270 /* Frameworks */,
			);
			buildRules = (
			);
			dependencies = (
			);
			name = DevEnvHelper;
			productName = DevEnvHelper;
			productReference = 868882EA16F53913007F1270 /* com.taktsoft.DevEnvHelper */;
			productType = "com.apple.product-type.tool";
		};
/* End PBXNativeTarget section */

/* Begin PBXProject section */
		8660B7D716ECCE3C00DA035F /* Project object */ = {
			isa = PBXProject;
			attributes = {
				LastUpgradeCheck = 0460;
				ORGANIZATIONNAME = "Michael Nowak";
			};
			buildConfigurationList = 8660B7DA16ECCE3C00DA035F /* Build configuration list for PBXProject "DevEnvToggle" */;
			compatibilityVersion = "Xcode 3.2";
			developmentRegion = English;
			hasScannedForEncodings = 0;
			knownRegions = (
				en,
			);
			mainGroup = 8660B7D616ECCE3C00DA035F;
			productRefGroup = 8660B7E016ECCE3C00DA035F /* Products */;
			projectDirPath = "";
			projectRoot = "";
			targets = (
				8660B7DE16ECCE3C00DA035F /* DevEnvToggle */,
				868882E916F53913007F1270 /* DevEnvHelper */,
			);
		};
/* End PBXProject section */

/* Begin PBXResourcesBuildPhase section */
		8660B7DD16ECCE3C00DA035F /* Resources */ = {
			isa = PBXResourcesBuildPhase;
			buildActionMask = 2147483647;
			files = (
				8660B7ED16ECCE3C00DA035F /* InfoPlist.strings in Resources */,
				8660B7F316ECCE3C00DA035F /* Credits.rtf in Resources */,
				8660B7F916ECCE3C00DA035F /* MainMenu.xib in Resources */,
				8601087316FBB6AF004C4D4C /* DevEnvIcon-Black.icns in Resources */,
				8601087416FBB6AF004C4D4C /* DevEnvIcon-White.icns in Resources */,
				8673E4CE16FC78C000DC67A3 /* org.apache.service.httpd.plist in Resources */,
				8673E4D016FC796200DC67A3 /* com.mysql.service.mysqld.plist in Resources */,
				8673E4D216FC799300DC67A3 /* com.edb.service.postgresql.plist in Resources */,
			);
			runOnlyForDeploymentPostprocessing = 0;
		};
/* End PBXResourcesBuildPhase section */

/* Begin PBXSourcesBuildPhase section */
		8660B7DB16ECCE3C00DA035F /* Sources */ = {
			isa = PBXSourcesBuildPhase;
			buildActionMask = 2147483647;
			files = (
				8660B7EF16ECCE3C00DA035F /* main.m in Sources */,
				8660B7F616ECCE3C00DA035F /* AppDelegate.m in Sources */,
				86C98B9A16F6073400775447 /* AppServiceData.m in Sources */,
				860EA2791703D8D000C42A29 /* AppServiceChecker.m in Sources */,
				86FC46D01707521300CF5FC9 /* AppServiceDiskImage.m in Sources */,
			);
			runOnlyForDeploymentPostprocessing = 0;
		};
		868882E616F53913007F1270 /* Sources */ = {
			isa = PBXSourcesBuildPhase;
			buildActionMask = 2147483647;
			files = (
				868882EF16F53913007F1270 /* main.m in Sources */,
				860EA2761703D67100C42A29 /* AppServiceHelper.m in Sources */,
			);
			runOnlyForDeploymentPostprocessing = 0;
		};
/* End PBXSourcesBuildPhase section */

/* Begin PBXTargetDependency section */
		860EA2751703D65D00C42A29 /* PBXTargetDependency */ = {
			isa = PBXTargetDependency;
			target = 868882E916F53913007F1270 /* DevEnvHelper */;
			targetProxy = 860EA2741703D65D00C42A29 /* PBXContainerItemProxy */;
		};
/* End PBXTargetDependency section */

/* Begin PBXVariantGroup section */
		8660B7EB16ECCE3C00DA035F /* InfoPlist.strings */ = {
			isa = PBXVariantGroup;
			children = (
				8660B7EC16ECCE3C00DA035F /* en */,
			);
			name = InfoPlist.strings;
			sourceTree = "<group>";
		};
		8660B7F116ECCE3C00DA035F /* Credits.rtf */ = {
			isa = PBXVariantGroup;
			children = (
				8660B7F216ECCE3C00DA035F /* en */,
			);
			name = Credits.rtf;
			sourceTree = "<group>";
		};
		8660B7F716ECCE3C00DA035F /* MainMenu.xib */ = {
			isa = PBXVariantGroup;
			children = (
				8660B7F816ECCE3C00DA035F /* en */,
			);
			name = MainMenu.xib;
			sourceTree = "<group>";
		};
/* End PBXVariantGroup section */

/* Begin XCBuildConfiguration section */
		8660B7FA16ECCE3C00DA035F /* Debug */ = {
			isa = XCBuildConfiguration;
			buildSettings = {
				ALWAYS_SEARCH_USER_PATHS = NO;
				ARCHS = "$(ARCHS_STANDARD_64_BIT)";
				CLANG_CXX_LANGUAGE_STANDARD = "gnu++0x";
				CLANG_CXX_LIBRARY = "libc++";
				CLANG_ENABLE_OBJC_ARC = YES;
				CLANG_WARN_CONSTANT_CONVERSION = YES;
				CLANG_WARN_EMPTY_BODY = YES;
				CLANG_WARN_ENUM_CONVERSION = YES;
				CLANG_WARN_INT_CONVERSION = YES;
				CLANG_WARN__DUPLICATE_METHOD_MATCH = YES;
				CODE_SIGN_IDENTITY = "Michael Nowak";
				COPY_PHASE_STRIP = NO;
				GCC_C_LANGUAGE_STANDARD = gnu99;
				GCC_DYNAMIC_NO_PIC = NO;
				GCC_ENABLE_OBJC_EXCEPTIONS = YES;
				GCC_OPTIMIZATION_LEVEL = 0;
				GCC_PREPROCESSOR_DEFINITIONS = (
					"DEBUG=1",
					"$(inherited)",
				);
				GCC_SYMBOLS_PRIVATE_EXTERN = NO;
				GCC_WARN_64_TO_32_BIT_CONVERSION = YES;
				GCC_WARN_ABOUT_RETURN_TYPE = YES;
				GCC_WARN_UNINITIALIZED_AUTOS = YES;
				GCC_WARN_UNUSED_VARIABLE = YES;
				MACOSX_DEPLOYMENT_TARGET = 10.7;
				ONLY_ACTIVE_ARCH = YES;
				PROVISIONING_PROFILE = "";
				SDKROOT = macosx10.7;
			};
			name = Debug;
		};
		8660B7FB16ECCE3C00DA035F /* Release */ = {
			isa = XCBuildConfiguration;
			buildSettings = {
				ALWAYS_SEARCH_USER_PATHS = NO;
				ARCHS = "$(ARCHS_STANDARD_64_BIT)";
				CLANG_CXX_LANGUAGE_STANDARD = "gnu++0x";
				CLANG_CXX_LIBRARY = "libc++";
				CLANG_ENABLE_OBJC_ARC = YES;
				CLANG_WARN_CONSTANT_CONVERSION = YES;
				CLANG_WARN_EMPTY_BODY = YES;
				CLANG_WARN_ENUM_CONVERSION = YES;
				CLANG_WARN_INT_CONVERSION = YES;
				CLANG_WARN__DUPLICATE_METHOD_MATCH = YES;
				CODE_SIGN_IDENTITY = "Michael Nowak";
				COPY_PHASE_STRIP = YES;
				DEBUG_INFORMATION_FORMAT = "dwarf-with-dsym";
				GCC_C_LANGUAGE_STANDARD = gnu99;
				GCC_ENABLE_OBJC_EXCEPTIONS = YES;
				GCC_WARN_64_TO_32_BIT_CONVERSION = YES;
				GCC_WARN_ABOUT_RETURN_TYPE = YES;
				GCC_WARN_UNINITIALIZED_AUTOS = YES;
				GCC_WARN_UNUSED_VARIABLE = YES;
				MACOSX_DEPLOYMENT_TARGET = 10.7;
				PROVISIONING_PROFILE = "";
				SDKROOT = macosx10.7;
			};
			name = Release;
		};
		8660B7FD16ECCE3C00DA035F /* Debug */ = {
			isa = XCBuildConfiguration;
			buildSettings = {
				CLANG_ENABLE_OBJC_ARC = YES;
				COMBINE_HIDPI_IMAGES = YES;
				GCC_PRECOMPILE_PREFIX_HEADER = YES;
				GCC_PREFIX_HEADER = "DevEnvToggle/DevEnvToggle-Prefix.pch";
				INFOPLIST_FILE = "DevEnvToggle/DevEnvToggle-Info.plist";
				PRODUCT_NAME = "$(TARGET_NAME)";
				WRAPPER_EXTENSION = app;
			};
			name = Debug;
		};
		8660B7FE16ECCE3C00DA035F /* Release */ = {
			isa = XCBuildConfiguration;
			buildSettings = {
				CLANG_ENABLE_OBJC_ARC = YES;
				COMBINE_HIDPI_IMAGES = YES;
				COPY_PHASE_STRIP = NO;
				GCC_PRECOMPILE_PREFIX_HEADER = YES;
				GCC_PREFIX_HEADER = "DevEnvToggle/DevEnvToggle-Prefix.pch";
				INFOPLIST_FILE = "DevEnvToggle/DevEnvToggle-Info.plist";
				PRODUCT_NAME = "$(TARGET_NAME)";
				STRIP_INSTALLED_PRODUCT = YES;
				WRAPPER_EXTENSION = app;
			};
			name = Release;
		};
		868882F516F53913007F1270 /* Debug */ = {
			isa = XCBuildConfiguration;
			buildSettings = {
				GCC_PRECOMPILE_PREFIX_HEADER = YES;
				GCC_PREFIX_HEADER = "DevEnvHelper/DevEnvHelper-Prefix.pch";
				OTHER_LDFLAGS = (
					"-sectcreate",
					__TEXT,
					__info_plist,
					"DevEnvHelper/DevEnvHelper-Info.plist",
					"-sectcreate",
					__TEXT,
					__launchd_plist,
					"DevEnvHelper/DevEnvHelper-Launchd.plist",
				);
				PRODUCT_NAME = "com.taktsoft.$(TARGET_NAME)";
			};
			name = Debug;
		};
		868882F616F53913007F1270 /* Release */ = {
			isa = XCBuildConfiguration;
			buildSettings = {
				GCC_PRECOMPILE_PREFIX_HEADER = YES;
				GCC_PREFIX_HEADER = "DevEnvHelper/DevEnvHelper-Prefix.pch";
				OTHER_LDFLAGS = (
					"-sectcreate",
					__TEXT,
					__info_plist,
					"DevEnvHelper/DevEnvHelper-Info.plist",
					"-sectcreate",
					__TEXT,
					__launchd_plist,
					"DevEnvHelper/DevEnvHelper-Launchd.plist",
				);
				PRODUCT_NAME = "com.taktsoft.$(TARGET_NAME)";
			};
			name = Release;
		};
/* End XCBuildConfiguration section */

/* Begin XCConfigurationList section */
		8660B7DA16ECCE3C00DA035F /* Build configuration list for PBXProject "DevEnvToggle" */ = {
			isa = XCConfigurationList;
			buildConfigurations = (
				8660B7FA16ECCE3C00DA035F /* Debug */,
				8660B7FB16ECCE3C00DA035F /* Release */,
			);
			defaultConfigurationIsVisible = 0;
			defaultConfigurationName = Release;
		};
		8660B7FC16ECCE3C00DA035F /* Build configuration list for PBXNativeTarget "DevEnvToggle" */ = {
			isa = XCConfigurationList;
			buildConfigurations = (
				8660B7FD16ECCE3C00DA035F /* Debug */,
				8660B7FE16ECCE3C00DA035F /* Release */,
			);
			defaultConfigurationIsVisible = 0;
			defaultConfigurationName = Release;
		};
		868882F416F53913007F1270 /* Build configuration list for PBXNativeTarget "DevEnvHelper" */ = {
			isa = XCConfigurationList;
			buildConfigurations = (
				868882F516F53913007F1270 /* Debug */,
				868882F616F53913007F1270 /* Release */,
			);
			defaultConfigurationIsVisible = 0;
			defaultConfigurationName = Release;
		};
/* End XCConfigurationList section */
	};
	rootObject = 8660B7D716ECCE3C00DA035F /* Project object */;
}
